
Microsoft Visual Studio Solution File, Format Version 12.00
# Visual Studio Version 17
VisualStudioVersion = 17.13.35825.156 d17.13
MinimumVisualStudioVersion = 10.0.40219.1
Project("{FAE04EC0-301F-11D3-BF4B-00C04F79EFBC}") = "ConsoleApp8", "ConsoleApp8\ConsoleApp8.csproj", "{CB2CD91B-7A7A-4424-B3C9-4D072D6EF1DC}"
EndProject
Global
	GlobalSection(SolutionConfigurationPlatforms) = preSolution
		Debug|Any CPU = Debug|Any CPU
		Release|Any CPU = Release|Any CPU
	EndGlobalSection
	GlobalSection(ProjectConfigurationPlatforms) = postSolution
		{CB2CD91B-7A7A-4424-B3C9-4D072D6EF1DC}.Debug|Any CPU.ActiveCfg = Debug|Any CPU
		{CB2CD91B-7A7A-4424-B3C9-4D072D6EF1DC}.Debug|Any CPU.Build.0 = Debug|Any CPU
		{CB2CD91B-7A7A-4424-B3C9-4D072D6EF1DC}.Release|Any CPU.ActiveCfg = Release|Any CPU
		{CB2CD91B-7A7A-4424-B3C9-4D072D6EF1DC}.Release|Any CPU.Build.0 = Release|Any CPU
	EndGlobalSection
	GlobalSection(SolutionProperties) = preSolution
		HideSolutionNode = FALSE
	EndGlobalSection
	GlobalSection(ExtensibilityGlobals) = postSolution
		SolutionGuid = {D2592819-5D6A-49F3-B1AA-52778EDD6731}
	EndGlobalSection
EndGlobal
